// !$*UTF8*$!
{
	archiveVersion = 1;
	classes = {
	};
	objectVersion = 48;
	objects = {

/* Begin PBXBuildFile section */
		8130D9D12098D6AC00AF9A42 /* SignInViewController.swift in Sources */ = {isa = PBXBuildFile; fileRef = 8130D9D02098D6AC00AF9A42 /* SignInViewController.swift */; };
		8130D9FF20AB825500AF9A42 /* GoogleService-Info.plist in Resources */ = {isa = PBXBuildFile; fileRef = 8130D9FE20AB825400AF9A42 /* GoogleService-Info.plist */; };
		814F15CC20C6019A00DA9363 /* ManagerWorkTableViewController.swift in Sources */ = {isa = PBXBuildFile; fileRef = 814F15CB20C6019A00DA9363 /* ManagerWorkTableViewController.swift */; };
		814F15CE20C601CF00DA9363 /* ManagerWorkTableViewCell.swift in Sources */ = {isa = PBXBuildFile; fileRef = 814F15CD20C601CF00DA9363 /* ManagerWorkTableViewCell.swift */; };
		814F15D020C601F200DA9363 /* UserItem.swift in Sources */ = {isa = PBXBuildFile; fileRef = 814F15CF20C601F200DA9363 /* UserItem.swift */; };
		814F15D820C6EDE700DA9363 /* InnerShadowView.swift in Sources */ = {isa = PBXBuildFile; fileRef = 814F15D720C6EDE700DA9363 /* InnerShadowView.swift */; };
		8152542720C99F1B0041C944 /* SignUpViewController.swift in Sources */ = {isa = PBXBuildFile; fileRef = 8152542620C99F1B0041C944 /* SignUpViewController.swift */; };
		8152542920C99F340041C944 /* WelcomeScreenViewController.swift in Sources */ = {isa = PBXBuildFile; fileRef = 8152542820C99F340041C944 /* WelcomeScreenViewController.swift */; };
		8152542D20D062880041C944 /* textfielView.swift in Sources */ = {isa = PBXBuildFile; fileRef = 8152542C20D062880041C944 /* textfielView.swift */; };
		8152542F20D1E7E10041C944 /* userItem.swift in Sources */ = {isa = PBXBuildFile; fileRef = 8152542E20D1E7E10041C944 /* userItem.swift */; };
		8152543120E071270041C944 /* ManageTaskViewController.swift in Sources */ = {isa = PBXBuildFile; fileRef = 8152543020E071260041C944 /* ManageTaskViewController.swift */; };
		81753178208D243700550D44 /* AppDelegate.swift in Sources */ = {isa = PBXBuildFile; fileRef = 81753177208D243700550D44 /* AppDelegate.swift */; };
		8175317A208D243700550D44 /* ViewController.swift in Sources */ = {isa = PBXBuildFile; fileRef = 81753179208D243700550D44 /* ViewController.swift */; };
		8175317D208D243700550D44 /* Main.storyboard in Resources */ = {isa = PBXBuildFile; fileRef = 8175317B208D243700550D44 /* Main.storyboard */; };
		8175317F208D243700550D44 /* Assets.xcassets in Resources */ = {isa = PBXBuildFile; fileRef = 8175317E208D243700550D44 /* Assets.xcassets */; };
		81753182208D243700550D44 /* LaunchScreen.storyboard in Resources */ = {isa = PBXBuildFile; fileRef = 81753180208D243700550D44 /* LaunchScreen.storyboard */; };
		8175318A208D246C00550D44 /* workItem.swift in Sources */ = {isa = PBXBuildFile; fileRef = 81753189208D246C00550D44 /* workItem.swift */; };
		817FD7C420929F1E00F87BFC /* AbrilFatface-Regular.ttf in Resources */ = {isa = PBXBuildFile; fileRef = 817FD7C320929E9F00F87BFC /* AbrilFatface-Regular.ttf */; };
		817FD7C62092B21100F87BFC /* ManagerViewController.swift in Sources */ = {isa = PBXBuildFile; fileRef = 817FD7C52092B21100F87BFC /* ManagerViewController.swift */; };
		817FD7C82092B22200F87BFC /* WorkerViewController.swift in Sources */ = {isa = PBXBuildFile; fileRef = 817FD7C72092B22200F87BFC /* WorkerViewController.swift */; };
		AB2433D3FF5CE43B2A101806 /* Pods_WorkManagingApp.framework in Frameworks */ = {isa = PBXBuildFile; fileRef = 0B293A229F7187E3812F6C63 /* Pods_WorkManagingApp.framework */; };
/* End PBXBuildFile section */

/* Begin PBXFileReference section */
		0B293A229F7187E3812F6C63 /* Pods_WorkManagingApp.framework */ = {isa = PBXFileReference; explicitFileType = wrapper.framework; includeInIndex = 0; path = Pods_WorkManagingApp.framework; sourceTree = BUILT_PRODUCTS_DIR; };
		8130D9D02098D6AC00AF9A42 /* SignInViewController.swift */ = {isa = PBXFileReference; lastKnownFileType = sourcecode.swift; path = SignInViewController.swift; sourceTree = "<group>"; };
		8130D9FE20AB825400AF9A42 /* GoogleService-Info.plist */ = {isa = PBXFileReference; fileEncoding = 4; lastKnownFileType = text.plist.xml; path = "GoogleService-Info.plist"; sourceTree = "<group>"; };
		814F15CB20C6019A00DA9363 /* ManagerWorkTableViewController.swift */ = {isa = PBXFileReference; lastKnownFileType = sourcecode.swift; path = ManagerWorkTableViewController.swift; sourceTree = "<group>"; };
		814F15CD20C601CF00DA9363 /* ManagerWorkTableViewCell.swift */ = {isa = PBXFileReference; lastKnownFileType = sourcecode.swift; path = ManagerWorkTableViewCell.swift; sourceTree = "<group>"; };
		814F15CF20C601F200DA9363 /* UserItem.swift */ = {isa = PBXFileReference; lastKnownFileType = sourcecode.swift; name = UserItem.swift; path = ../Controller/UserItem.swift; sourceTree = "<group>"; };
		814F15D720C6EDE700DA9363 /* InnerShadowView.swift */ = {isa = PBXFileReference; lastKnownFileType = sourcecode.swift; path = InnerShadowView.swift; sourceTree = "<group>"; };
		8152542620C99F1B0041C944 /* SignUpViewController.swift */ = {isa = PBXFileReference; lastKnownFileType = sourcecode.swift; path = SignUpViewController.swift; sourceTree = "<group>"; };
		8152542820C99F340041C944 /* WelcomeScreenViewController.swift */ = {isa = PBXFileReference; lastKnownFileType = sourcecode.swift; path = WelcomeScreenViewController.swift; sourceTree = "<group>"; };
		8152542C20D062880041C944 /* textfielView.swift */ = {isa = PBXFileReference; lastKnownFileType = sourcecode.swift; path = textfielView.swift; sourceTree = "<group>"; };
		8152542E20D1E7E10041C944 /* userItem.swift */ = {isa = PBXFileReference; lastKnownFileType = sourcecode.swift; path = userItem.swift; sourceTree = "<group>"; };
		8152543020E071260041C944 /* ManageTaskViewController.swift */ = {isa = PBXFileReference; lastKnownFileType = sourcecode.swift; path = ManageTaskViewController.swift; sourceTree = "<group>"; };
		81753174208D243700550D44 /* WorkManagingApp.app */ = {isa = PBXFileReference; explicitFileType = wrapper.application; includeInIndex = 0; path = WorkManagingApp.app; sourceTree = BUILT_PRODUCTS_DIR; };
		81753177208D243700550D44 /* AppDelegate.swift */ = {isa = PBXFileReference; lastKnownFileType = sourcecode.swift; path = AppDelegate.swift; sourceTree = "<group>"; };
		81753179208D243700550D44 /* ViewController.swift */ = {isa = PBXFileReference; lastKnownFileType = sourcecode.swift; path = ViewController.swift; sourceTree = "<group>"; };
		8175317C208D243700550D44 /* Base */ = {isa = PBXFileReference; lastKnownFileType = file.storyboard; name = Base; path = Base.lproj/Main.storyboard; sourceTree = "<group>"; };
		8175317E208D243700550D44 /* Assets.xcassets */ = {isa = PBXFileReference; lastKnownFileType = folder.assetcatalog; path = Assets.xcassets; sourceTree = "<group>"; };
		81753181208D243700550D44 /* Base */ = {isa = PBXFileReference; lastKnownFileType = file.storyboard; name = Base; path = Base.lproj/LaunchScreen.storyboard; sourceTree = "<group>"; };
		81753183208D243700550D44 /* Info.plist */ = {isa = PBXFileReference; lastKnownFileType = text.plist.xml; path = Info.plist; sourceTree = "<group>"; };
		81753189208D246C00550D44 /* workItem.swift */ = {isa = PBXFileReference; lastKnownFileType = sourcecode.swift; path = workItem.swift; sourceTree = "<group>"; };
		817FD7C320929E9F00F87BFC /* AbrilFatface-Regular.ttf */ = {isa = PBXFileReference; lastKnownFileType = file; path = "AbrilFatface-Regular.ttf"; sourceTree = "<group>"; };
		817FD7C52092B21100F87BFC /* ManagerViewController.swift */ = {isa = PBXFileReference; lastKnownFileType = sourcecode.swift; path = ManagerViewController.swift; sourceTree = "<group>"; };
		817FD7C72092B22200F87BFC /* WorkerViewController.swift */ = {isa = PBXFileReference; lastKnownFileType = sourcecode.swift; path = WorkerViewController.swift; sourceTree = "<group>"; };
		D0E3F5A357952195695AF9FC /* Pods-WorkManagingApp.debug.xcconfig */ = {isa = PBXFileReference; includeInIndex = 1; lastKnownFileType = text.xcconfig; name = "Pods-WorkManagingApp.debug.xcconfig"; path = "Pods/Target Support Files/Pods-WorkManagingApp/Pods-WorkManagingApp.debug.xcconfig"; sourceTree = "<group>"; };
		D50B520A2B6AF7A18F2845D7 /* Pods-WorkManagingApp.release.xcconfig */ = {isa = PBXFileReference; includeInIndex = 1; lastKnownFileType = text.xcconfig; name = "Pods-WorkManagingApp.release.xcconfig"; path = "Pods/Target Support Files/Pods-WorkManagingApp/Pods-WorkManagingApp.release.xcconfig"; sourceTree = "<group>"; };
/* End PBXFileReference section */

/* Begin PBXFrameworksBuildPhase section */
		81753171208D243700550D44 /* Frameworks */ = {
			isa = PBXFrameworksBuildPhase;
			buildActionMask = 2147483647;
			files = (
				AB2433D3FF5CE43B2A101806 /* Pods_WorkManagingApp.framework in Frameworks */,
			);
			runOnlyForDeploymentPostprocessing = 0;
		};
/* End PBXFrameworksBuildPhase section */

/* Begin PBXGroup section */
		8175316B208D243700550D44 = {
			isa = PBXGroup;
			children = (
				81753176208D243700550D44 /* WorkManagingApp */,
				81753175208D243700550D44 /* Products */,
				B42B0AE26810FF8532E35E7D /* Pods */,
				CC7DCC4BC0E5CBC4767E47CB /* Frameworks */,
			);
			sourceTree = "<group>";
		};
		81753175208D243700550D44 /* Products */ = {
			isa = PBXGroup;
			children = (
				81753174208D243700550D44 /* WorkManagingApp.app */,
			);
			name = Products;
			sourceTree = "<group>";
		};
		81753176208D243700550D44 /* WorkManagingApp */ = {
			isa = PBXGroup;
			children = (
				8175318D208D254200550D44 /* Controller */,
				8175318C208D253B00550D44 /* View */,
				8175318B208D252E00550D44 /* Model */,
				8175317E208D243700550D44 /* Assets.xcassets */,
				81753180208D243700550D44 /* LaunchScreen.storyboard */,
				81753183208D243700550D44 /* Info.plist */,
				8130D9FE20AB825400AF9A42 /* GoogleService-Info.plist */,
				817FD7C220929E8500F87BFC /* fonts */,
			);
			path = WorkManagingApp;
			sourceTree = "<group>";
		};
		8175318B208D252E00550D44 /* Model */ = {
			isa = PBXGroup;
			children = (
				814F15CF20C601F200DA9363 /* UserItem.swift */,
				8152542C20D062880041C944 /* textfielView.swift */,
				81753189208D246C00550D44 /* workItem.swift */,
				8152542E20D1E7E10041C944 /* userItem.swift */,
			);
			path = Model;
			sourceTree = "<group>";
		};
		8175318C208D253B00550D44 /* View */ = {
			isa = PBXGroup;
			children = (
				8175317B208D243700550D44 /* Main.storyboard */,
			);
			path = View;
			sourceTree = "<group>";
		};
		8175318D208D254200550D44 /* Controller */ = {
			isa = PBXGroup;
			children = (
				81753177208D243700550D44 /* AppDelegate.swift */,
				8152542820C99F340041C944 /* WelcomeScreenViewController.swift */,
				8130D9D02098D6AC00AF9A42 /* SignInViewController.swift */,
				8152542620C99F1B0041C944 /* SignUpViewController.swift */,
				81753179208D243700550D44 /* ViewController.swift */,
				817FD7C52092B21100F87BFC /* ManagerViewController.swift */,
				817FD7C72092B22200F87BFC /* WorkerViewController.swift */,
				814F15CB20C6019A00DA9363 /* ManagerWorkTableViewController.swift */,
				814F15CD20C601CF00DA9363 /* ManagerWorkTableViewCell.swift */,
				814F15D720C6EDE700DA9363 /* InnerShadowView.swift */,
				8152543020E071260041C944 /* ManageTaskViewController.swift */,
			);
			path = Controller;
			sourceTree = "<group>";
		};
		817FD7C220929E8500F87BFC /* fonts */ = {
			isa = PBXGroup;
			children = (
				817FD7C320929E9F00F87BFC /* AbrilFatface-Regular.ttf */,
			);
			path = fonts;
			sourceTree = "<group>";
		};
		B42B0AE26810FF8532E35E7D /* Pods */ = {
			isa = PBXGroup;
			children = (
				D0E3F5A357952195695AF9FC /* Pods-WorkManagingApp.debug.xcconfig */,
				D50B520A2B6AF7A18F2845D7 /* Pods-WorkManagingApp.release.xcconfig */,
			);
			name = Pods;
			sourceTree = "<group>";
		};
		CC7DCC4BC0E5CBC4767E47CB /* Frameworks */ = {
			isa = PBXGroup;
			children = (
				0B293A229F7187E3812F6C63 /* Pods_WorkManagingApp.framework */,
			);
			name = Frameworks;
			sourceTree = "<group>";
		};
/* End PBXGroup section */

/* Begin PBXNativeTarget section */
		81753173208D243700550D44 /* WorkManagingApp */ = {
			isa = PBXNativeTarget;
			buildConfigurationList = 81753186208D243700550D44 /* Build configuration list for PBXNativeTarget "WorkManagingApp" */;
			buildPhases = (
				B7D5BDB33881555F012B8923 /* [CP] Check Pods Manifest.lock */,
				81753170208D243700550D44 /* Sources */,
				81753171208D243700550D44 /* Frameworks */,
				81753172208D243700550D44 /* Resources */,
				B34EB8CBA5871599117A3C02 /* [CP] Embed Pods Frameworks */,
				6748CCF52B93E1529D9BC2DE /* [CP] Copy Pods Resources */,
			);
			buildRules = (
			);
			dependencies = (
			);
			name = WorkManagingApp;
			productName = WorkManagingApp;
			productReference = 81753174208D243700550D44 /* WorkManagingApp.app */;
			productType = "com.apple.product-type.application";
		};
/* End PBXNativeTarget section */

/* Begin PBXProject section */
		8175316C208D243700550D44 /* Project object */ = {
			isa = PBXProject;
			attributes = {
				LastSwiftUpdateCheck = 0920;
				LastUpgradeCheck = 0920;
				ORGANIZATIONNAME = "David Perez P.";
				TargetAttributes = {
					81753173208D243700550D44 = {
						CreatedOnToolsVersion = 9.2;
						ProvisioningStyle = Automatic;
					};
				};
			};
			buildConfigurationList = 8175316F208D243700550D44 /* Build configuration list for PBXProject "WorkManagingApp" */;
			compatibilityVersion = "Xcode 8.0";
			developmentRegion = en;
			hasScannedForEncodings = 0;
			knownRegions = (
				en,
				Base,
			);
			mainGroup = 8175316B208D243700550D44;
			productRefGroup = 81753175208D243700550D44 /* Products */;
			projectDirPath = "";
			projectRoot = "";
			targets = (
				81753173208D243700550D44 /* WorkManagingApp */,
			);
		};
/* End PBXProject section */

/* Begin PBXResourcesBuildPhase section */
		81753172208D243700550D44 /* Resources */ = {
			isa = PBXResourcesBuildPhase;
			buildActionMask = 2147483647;
			files = (
				8130D9FF20AB825500AF9A42 /* GoogleService-Info.plist in Resources */,
				81753182208D243700550D44 /* LaunchScreen.storyboard in Resources */,
				8175317F208D243700550D44 /* Assets.xcassets in Resources */,
				8175317D208D243700550D44 /* Main.storyboard in Resources */,
				817FD7C420929F1E00F87BFC /* AbrilFatface-Regular.ttf in Resources */,
			);
			runOnlyForDeploymentPostprocessing = 0;
		};
/* End PBXResourcesBuildPhase section */

/* Begin PBXShellScriptBuildPhase section */
		6748CCF52B93E1529D9BC2DE /* [CP] Copy Pods Resources */ = {
			isa = PBXShellScriptBuildPhase;
			buildActionMask = 2147483647;
			files = (
			);
			inputPaths = (
			);
			name = "[CP] Copy Pods Resources";
			outputPaths = (
			);
			runOnlyForDeploymentPostprocessing = 0;
			shellPath = /bin/sh;
			shellScript = "\"${SRCROOT}/Pods/Target Support Files/Pods-WorkManagingApp/Pods-WorkManagingApp-resources.sh\"\n";
			showEnvVarsInLog = 0;
		};
		B34EB8CBA5871599117A3C02 /* [CP] Embed Pods Frameworks */ = {
			isa = PBXShellScriptBuildPhase;
			buildActionMask = 2147483647;
			files = (
			);
			inputPaths = (
			);
			name = "[CP] Embed Pods Frameworks";
			outputPaths = (
			);
			runOnlyForDeploymentPostprocessing = 0;
			shellPath = /bin/sh;
			shellScript = "\"${SRCROOT}/Pods/Target Support Files/Pods-WorkManagingApp/Pods-WorkManagingApp-frameworks.sh\"\n";
			showEnvVarsInLog = 0;
		};
		B7D5BDB33881555F012B8923 /* [CP] Check Pods Manifest.lock */ = {
			isa = PBXShellScriptBuildPhase;
			buildActionMask = 2147483647;
			files = (
			);
			inputPaths = (
			);
			name = "[CP] Check Pods Manifest.lock";
			outputPaths = (
			);
			runOnlyForDeploymentPostprocessing = 0;
			shellPath = /bin/sh;
			shellScript = "diff \"${PODS_PODFILE_DIR_PATH}/Podfile.lock\" \"${PODS_ROOT}/Manifest.lock\" > /dev/null\nif [ $? != 0 ] ; then\n    # print error to STDERR\n    echo \"error: The sandbox is not in sync with the Podfile.lock. Run 'pod install' or update your CocoaPods installation.\" >&2\n    exit 1\nfi\n";
			showEnvVarsInLog = 0;
		};
/* End PBXShellScriptBuildPhase section */

/* Begin PBXSourcesBuildPhase section */
		81753170208D243700550D44 /* Sources */ = {
			isa = PBXSourcesBuildPhase;
			buildActionMask = 2147483647;
			files = (
				814F15CC20C6019A00DA9363 /* ManagerWorkTableViewController.swift in Sources */,
				817FD7C62092B21100F87BFC /* ManagerViewController.swift in Sources */,
				814F15D020C601F200DA9363 /* UserItem.swift in Sources */,
				814F15CE20C601CF00DA9363 /* ManagerWorkTableViewCell.swift in Sources */,
				8152542920C99F340041C944 /* WelcomeScreenViewController.swift in Sources */,
				8152542F20D1E7E10041C944 /* userItem.swift in Sources */,
				8175317A208D243700550D44 /* ViewController.swift in Sources */,
				8152542720C99F1B0041C944 /* SignUpViewController.swift in Sources */,
				8152543120E071270041C944 /* ManageTaskViewController.swift in Sources */,
				814F15D820C6EDE700DA9363 /* InnerShadowView.swift in Sources */,
				8130D9D12098D6AC00AF9A42 /* SignInViewController.swift in Sources */,
				817FD7C82092B22200F87BFC /* WorkerViewController.swift in Sources */,
				8175318A208D246C00550D44 /* workItem.swift in Sources */,
				8152542D20D062880041C944 /* textfielView.swift in Sources */,
				81753178208D243700550D44 /* AppDelegate.swift in Sources */,
			);
			runOnlyForDeploymentPostprocessing = 0;
		};
/* End PBXSourcesBuildPhase section */

/* Begin PBXVariantGroup section */
		8175317B208D243700550D44 /* Main.storyboard */ = {
			isa = PBXVariantGroup;
			children = (
				8175317C208D243700550D44 /* Base */,
			);
			name = Main.storyboard;
			sourceTree = "<group>";
		};
		81753180208D243700550D44 /* LaunchScreen.storyboard */ = {
			isa = PBXVariantGroup;
			children = (
				81753181208D243700550D44 /* Base */,
			);
			name = LaunchScreen.storyboard;
			sourceTree = "<group>";
		};
/* End PBXVariantGroup section */

/* Begin XCBuildConfiguration section */
		81753184208D243700550D44 /* Debug */ = {
			isa = XCBuildConfiguration;
			buildSettings = {
				ALWAYS_SEARCH_USER_PATHS = NO;
				CLANG_ANALYZER_NONNULL = YES;
				CLANG_ANALYZER_NUMBER_OBJECT_CONVERSION = YES_AGGRESSIVE;
				CLANG_CXX_LANGUAGE_STANDARD = "gnu++14";
				CLANG_CXX_LIBRARY = "libc++";
				CLANG_ENABLE_MODULES = YES;
				CLANG_ENABLE_OBJC_ARC = YES;
				CLANG_WARN_BLOCK_CAPTURE_AUTORELEASING = YES;
				CLANG_WARN_BOOL_CONVERSION = YES;
				CLANG_WARN_COMMA = YES;
				CLANG_WARN_CONSTANT_CONVERSION = YES;
				CLANG_WARN_DIRECT_OBJC_ISA_USAGE = YES_ERROR;
				CLANG_WARN_DOCUMENTATION_COMMENTS = YES;
				CLANG_WARN_EMPTY_BODY = YES;
				CLANG_WARN_ENUM_CONVERSION = YES;
				CLANG_WARN_INFINITE_RECURSION = YES;
				CLANG_WARN_INT_CONVERSION = YES;
				CLANG_WARN_NON_LITERAL_NULL_CONVERSION = YES;
				CLANG_WARN_OBJC_LITERAL_CONVERSION = YES;
				CLANG_WARN_OBJC_ROOT_CLASS = YES_ERROR;
				CLANG_WARN_RANGE_LOOP_ANALYSIS = YES;
				CLANG_WARN_STRICT_PROTOTYPES = YES;
				CLANG_WARN_SUSPICIOUS_MOVE = YES;
				CLANG_WARN_UNGUARDED_AVAILABILITY = YES_AGGRESSIVE;
				CLANG_WARN_UNREACHABLE_CODE = YES;
				CLANG_WARN__DUPLICATE_METHOD_MATCH = YES;
				CODE_SIGN_IDENTITY = "iPhone Developer";
				COPY_PHASE_STRIP = NO;
				DEBUG_INFORMATION_FORMAT = dwarf;
				ENABLE_STRICT_OBJC_MSGSEND = YES;
				ENABLE_TESTABILITY = YES;
				GCC_C_LANGUAGE_STANDARD = gnu11;
				GCC_DYNAMIC_NO_PIC = NO;
				GCC_NO_COMMON_BLOCKS = YES;
				GCC_OPTIMIZATION_LEVEL = 0;
				GCC_PREPROCESSOR_DEFINITIONS = (
					"DEBUG=1",
					"$(inherited)",
				);
				GCC_WARN_64_TO_32_BIT_CONVERSION = YES;
				GCC_WARN_ABOUT_RETURN_TYPE = YES_ERROR;
				GCC_WARN_UNDECLARED_SELECTOR = YES;
				GCC_WARN_UNINITIALIZED_AUTOS = YES_AGGRESSIVE;
				GCC_WARN_UNUSED_FUNCTION = YES;
				GCC_WARN_UNUSED_VARIABLE = YES;
				IPHONEOS_DEPLOYMENT_TARGET = 11.2;
				MTL_ENABLE_DEBUG_INFO = YES;
				ONLY_ACTIVE_ARCH = YES;
				SDKROOT = iphoneos;
				SWIFT_ACTIVE_COMPILATION_CONDITIONS = DEBUG;
				SWIFT_OPTIMIZATION_LEVEL = "-Onone";
			};
			name = Debug;
		};
		81753185208D243700550D44 /* Release */ = {
			isa = XCBuildConfiguration;
			buildSettings = {
				ALWAYS_SEARCH_USER_PATHS = NO;
				CLANG_ANALYZER_NONNULL = YES;
				CLANG_ANALYZER_NUMBER_OBJECT_CONVERSION = YES_AGGRESSIVE;
				CLANG_CXX_LANGUAGE_STANDARD = "gnu++14";
				CLANG_CXX_LIBRARY = "libc++";
				CLANG_ENABLE_MODULES = YES;
				CLANG_ENABLE_OBJC_ARC = YES;
				CLANG_WARN_BLOCK_CAPTURE_AUTORELEASING = YES;
				CLANG_WARN_BOOL_CONVERSION = YES;
				CLANG_WARN_COMMA = YES;
				CLANG_WARN_CONSTANT_CONVERSION = YES;
				CLANG_WARN_DIRECT_OBJC_ISA_USAGE = YES_ERROR;
				CLANG_WARN_DOCUMENTATION_COMMENTS = YES;
				CLANG_WARN_EMPTY_BODY = YES;
				CLANG_WARN_ENUM_CONVERSION = YES;
				CLANG_WARN_INFINITE_RECURSION = YES;
				CLANG_WARN_INT_CONVERSION = YES;
				CLANG_WARN_NON_LITERAL_NULL_CONVERSION = YES;
				CLANG_WARN_OBJC_LITERAL_CONVERSION = YES;
				CLANG_WARN_OBJC_ROOT_CLASS = YES_ERROR;
				CLANG_WARN_RANGE_LOOP_ANALYSIS = YES;
				CLANG_WARN_STRICT_PROTOTYPES = YES;
				CLANG_WARN_SUSPICIOUS_MOVE = YES;
				CLANG_WARN_UNGUARDED_AVAILABILITY = YES_AGGRESSIVE;
				CLANG_WARN_UNREACHABLE_CODE = YES;
				CLANG_WARN__DUPLICATE_METHOD_MATCH = YES;
				CODE_SIGN_IDENTITY = "iPhone Developer";
				COPY_PHASE_STRIP = NO;
				DEBUG_INFORMATION_FORMAT = "dwarf-with-dsym";
				ENABLE_NS_ASSERTIONS = NO;
				ENABLE_STRICT_OBJC_MSGSEND = YES;
				GCC_C_LANGUAGE_STANDARD = gnu11;
				GCC_NO_COMMON_BLOCKS = YES;
				GCC_WARN_64_TO_32_BIT_CONVERSION = YES;
				GCC_WARN_ABOUT_RETURN_TYPE = YES_ERROR;
				GCC_WARN_UNDECLARED_SELECTOR = YES;
				GCC_WARN_UNINITIALIZED_AUTOS = YES_AGGRESSIVE;
				GCC_WARN_UNUSED_FUNCTION = YES;
				GCC_WARN_UNUSED_VARIABLE = YES;
				IPHONEOS_DEPLOYMENT_TARGET = 11.2;
				MTL_ENABLE_DEBUG_INFO = NO;
				SDKROOT = iphoneos;
				SWIFT_OPTIMIZATION_LEVEL = "-Owholemodule";
				VALIDATE_PRODUCT = YES;
			};
			name = Release;
		};
		81753187208D243700550D44 /* Debug */ = {
			isa = XCBuildConfiguration;
			baseConfigurationReference = D0E3F5A357952195695AF9FC /* Pods-WorkManagingApp.debug.xcconfig */;
			buildSettings = {
				ASSETCATALOG_COMPILER_APPICON_NAME = AppIcon;
				CODE_SIGN_STYLE = Automatic;
				DEVELOPMENT_TEAM = 73D7P6XKX3;
				INFOPLIST_FILE = WorkManagingApp/Info.plist;
				LD_RUNPATH_SEARCH_PATHS = "$(inherited) @executable_path/Frameworks";
				PRODUCT_BUNDLE_IDENTIFIER = PerezP..WorkManagingApp;
				PRODUCT_NAME = "$(TARGET_NAME)";
				SWIFT_VERSION = 4.0;
				TARGETED_DEVICE_FAMILY = "1,2";
			};
			name = Debug;
		};
		81753188208D243700550D44 /* Release */ = {
			isa = XCBuildConfiguration;
			baseConfigurationReference = D50B520A2B6AF7A18F2845D7 /* Pods-WorkManagingApp.release.xcconfig */;
			buildSettings = {
				ASSETCATALOG_COMPILER_APPICON_NAME = AppIcon;
				CODE_SIGN_STYLE = Automatic;
				DEVELOPMENT_TEAM = 73D7P6XKX3;
				INFOPLIST_FILE = WorkManagingApp/Info.plist;
				LD_RUNPATH_SEARCH_PATHS = "$(inherited) @executable_path/Frameworks";
				PRODUCT_BUNDLE_IDENTIFIER = PerezP..WorkManagingApp;
				PRODUCT_NAME = "$(TARGET_NAME)";
				SWIFT_VERSION = 4.0;
				TARGETED_DEVICE_FAMILY = "1,2";
			};
			name = Release;
		};
/* End XCBuildConfiguration section */

/* Begin XCConfigurationList section */
		8175316F208D243700550D44 /* Build configuration list for PBXProject "WorkManagingApp" */ = {
			isa = XCConfigurationList;
			buildConfigurations = (
				81753184208D243700550D44 /* Debug */,
				81753185208D243700550D44 /* Release */,
			);
			defaultConfigurationIsVisible = 0;
			defaultConfigurationName = Release;
		};
		81753186208D243700550D44 /* Build configuration list for PBXNativeTarget "WorkManagingApp" */ = {
			isa = XCConfigurationList;
			buildConfigurations = (
				81753187208D243700550D44 /* Debug */,
				81753188208D243700550D44 /* Release */,
			);
			defaultConfigurationIsVisible = 0;
			defaultConfigurationName = Release;
		};
/* End XCConfigurationList section */
	};
	rootObject = 8175316C208D243700550D44 /* Project object */;
}
